
Microsoft Visual Studio Solution File, Format Version 12.00
# Visual Studio 14
VisualStudioVersion = 14.0.25420.1
MinimumVisualStudioVersion = 10.0.40219.1
Project("{FAE04EC0-301F-11D3-BF4B-00C04F79EFBC}") = "iTunesSearch.Library.Tests", "iTunesSearch.Library.Tests\iTunesSearch.Library.Tests.csproj", "{08D3ED90-C6EA-49C7-9697-338A5043543E}"
EndProject
Project("{FAE04EC0-301F-11D3-BF4B-00C04F79EFBC}") = "iTunesSearch.Library", "iTunesSearch.Library\iTunesSearch.Library.csproj", "{C36D8DDE-14CF-4A2D-B2C6-179EEBB77E0C}"
EndProject
Global
	GlobalSection(SolutionConfigurationPlatforms) = preSolution
		Debug|Any CPU = Debug|Any CPU
		Release|Any CPU = Release|Any CPU
	EndGlobalSection
	GlobalSection(ProjectConfigurationPlatforms) = postSolution
		{08D3ED90-C6EA-49C7-9697-338A5043543E}.Debug|Any CPU.ActiveCfg = Debug|Any CPU
		{08D3ED90-C6EA-49C7-9697-338A5043543E}.Debug|Any CPU.Build.0 = Debug|Any CPU
		{08D3ED90-C6EA-49C7-9697-338A5043543E}.Release|Any CPU.ActiveCfg = Release|Any CPU
		{08D3ED90-C6EA-49C7-9697-338A5043543E}.Release|Any CPU.Build.0 = Release|Any CPU
		{C36D8DDE-14CF-4A2D-B2C6-179EEBB77E0C}.Debug|Any CPU.ActiveCfg = Debug|Any CPU
		{C36D8DDE-14CF-4A2D-B2C6-179EEBB77E0C}.Debug|Any CPU.Build.0 = Debug|Any CPU
		{C36D8DDE-14CF-4A2D-B2C6-179EEBB77E0C}.Release|Any CPU.ActiveCfg = Release|Any CPU
		{C36D8DDE-14CF-4A2D-B2C6-179EEBB77E0C}.Release|Any CPU.Build.0 = Release|Any CPU
	EndGlobalSection
	GlobalSection(SolutionProperties) = preSolution
		HideSolutionNode = FALSE
	EndGlobalSection
EndGlobal
